lockfileVersion: 5.4

specifiers:
  iconv-lite: ^0.6.3
  jschardet: ^3.0.0

dependencies:
  iconv-lite: 0.6.3
  jschardet: 3.0.0

packages:

  /iconv-lite/0.6.3:
    resolution: {integrity: sha512-4fCk79wshMdzMp2rH06qWrJE4iolqLhCUH+OiuIgU++RB0+94NlDL81atO7GX55uUKueo0txHNtvEyI6D7WdMw==}
    engines: {node: '>=0.10.0'}
    dependencies:
      safer-buffer: 2.1.2
    dev: false

  /jschardet/3.0.0:
    resolution: {integrity: sha512-lJH6tJ77V8Nzd5QWRkFYCLc13a3vADkh3r/Fi8HupZGWk2OVVDfnZP8V/VgQgZ+lzW0kG2UGb5hFgt3V3ndotQ==}
    engines: {node: '>=0.1.90'}
    dev: false

  /safer-buffer/2.1.2:
    resolution: {integrity: sha512-YZo3K82SD7Riyi0E1EQPojLz7kpepnSQI9IyPbHHg1XXXevb5dJI7tpyN2ADxGcQbHG7vcyRHk0cbwqcQriUtg==}
    dev: false
